
Microsoft Visual Studio Solution File, Format Version 12.00
# Visual Studio 2013
VisualStudioVersion = 12.0.21005.1
MinimumVisualStudioVersion = 10.0.40219.1
Project("{2150E333-8FDC-42A3-9474-1A3956D46DE8}") = "Stone.Framework", "Stone.Framework", "{C36E46BF-1BE2-4F45-811C-F200FA2F2314}"
EndProject
Project("{FAE04EC0-301F-11D3-BF4B-00C04F79EFBC}") = "Stone.Framework.Common", "Stone.Framework.Common\Stone.Framework.Common.csproj", "{F363CC27-41FD-4FBB-A88E-B9B2D7906EDB}"
EndProject
Project("{2150E333-8FDC-42A3-9474-1A3956D46DE8}") = "Stone.Website.Utility", "Stone.Website.Utility", "{F276D5CB-B413-4476-98AC-758782CDC2F6}"
EndProject
Project("{FAE04EC0-301F-11D3-BF4B-00C04F79EFBC}") = "Stone.Website.Utility.Logging", "Stone.Website.Utility\Stone.Website.Utility.Logging\Stone.Website.Utility.Logging.csproj", "{E8771F5E-2CF1-4D84-92C5-BB7C80A86841}"
EndProject
Project("{2150E333-8FDC-42A3-9474-1A3956D46DE8}") = "Stone.Common.Part", "Stone.Common.Part", "{0A065AED-E6F6-4EA5-8387-274852240E86}"
EndProject
Project("{FAE04EC0-301F-11D3-BF4B-00C04F79EFBC}") = "Stone.ConfigurationFiles", "Stone.Common.Part\Stone.ConfigurationFiles\Stone.ConfigurationFiles.csproj", "{D4676B0D-7885-4C56-B1BE-C51BBDDC0E5E}"
EndProject
Project("{2150E333-8FDC-42A3-9474-1A3956D46DE8}") = "UnitTest", "UnitTest", "{8B349CDE-1BAC-4868-8E9B-1E9D8EADE03D}"
EndProject
Project("{2150E333-8FDC-42A3-9474-1A3956D46DE8}") = "Configuration", "Configuration", "{A807227E-9361-4BC7-9676-614DA05501D2}"
EndProject
Project("{2150E333-8FDC-42A3-9474-1A3956D46DE8}") = "Data", "Data", "{74453574-400E-4840-80E9-D678D8A8F45A}"
EndProject
Project("{2150E333-8FDC-42A3-9474-1A3956D46DE8}") = "Logging", "Logging", "{DA2D1B65-DCB4-4825-A09A-06988CF698DB}"
EndProject
Project("{2150E333-8FDC-42A3-9474-1A3956D46DE8}") = "ServerConfig", "ServerConfig", "{6FB9E05A-5B87-4F55-BBFB-F490D6823627}"
EndProject
Project("{FAE04EC0-301F-11D3-BF4B-00C04F79EFBC}") = "Framework", "UnitTest\Framework\Framework.csproj", "{7225C1B9-8CFC-42ED-92DD-7191DA862F09}"
EndProject
Global
	GlobalSection(SolutionConfigurationPlatforms) = preSolution
		Debug|Any CPU = Debug|Any CPU
		Release|Any CPU = Release|Any CPU
	EndGlobalSection
	GlobalSection(ProjectConfigurationPlatforms) = postSolution
		{F363CC27-41FD-4FBB-A88E-B9B2D7906EDB}.Debug|Any CPU.ActiveCfg = Debug|Any CPU
		{F363CC27-41FD-4FBB-A88E-B9B2D7906EDB}.Debug|Any CPU.Build.0 = Debug|Any CPU
		{F363CC27-41FD-4FBB-A88E-B9B2D7906EDB}.Release|Any CPU.ActiveCfg = Release|Any CPU
		{F363CC27-41FD-4FBB-A88E-B9B2D7906EDB}.Release|Any CPU.Build.0 = Release|Any CPU
		{E8771F5E-2CF1-4D84-92C5-BB7C80A86841}.Debug|Any CPU.ActiveCfg = Debug|Any CPU
		{E8771F5E-2CF1-4D84-92C5-BB7C80A86841}.Debug|Any CPU.Build.0 = Debug|Any CPU
		{E8771F5E-2CF1-4D84-92C5-BB7C80A86841}.Release|Any CPU.ActiveCfg = Release|Any CPU
		{E8771F5E-2CF1-4D84-92C5-BB7C80A86841}.Release|Any CPU.Build.0 = Release|Any CPU
		{D4676B0D-7885-4C56-B1BE-C51BBDDC0E5E}.Debug|Any CPU.ActiveCfg = Debug|Any CPU
		{D4676B0D-7885-4C56-B1BE-C51BBDDC0E5E}.Debug|Any CPU.Build.0 = Debug|Any CPU
		{D4676B0D-7885-4C56-B1BE-C51BBDDC0E5E}.Release|Any CPU.ActiveCfg = Release|Any CPU
		{D4676B0D-7885-4C56-B1BE-C51BBDDC0E5E}.Release|Any CPU.Build.0 = Release|Any CPU
		{7225C1B9-8CFC-42ED-92DD-7191DA862F09}.Debug|Any CPU.ActiveCfg = Debug|Any CPU
		{7225C1B9-8CFC-42ED-92DD-7191DA862F09}.Debug|Any CPU.Build.0 = Debug|Any CPU
		{7225C1B9-8CFC-42ED-92DD-7191DA862F09}.Release|Any CPU.ActiveCfg = Release|Any CPU
		{7225C1B9-8CFC-42ED-92DD-7191DA862F09}.Release|Any CPU.Build.0 = Release|Any CPU
	EndGlobalSection
	GlobalSection(SolutionProperties) = preSolution
		HideSolutionNode = FALSE
	EndGlobalSection
	GlobalSection(NestedProjects) = preSolution
		{F363CC27-41FD-4FBB-A88E-B9B2D7906EDB} = {C36E46BF-1BE2-4F45-811C-F200FA2F2314}
		{E8771F5E-2CF1-4D84-92C5-BB7C80A86841} = {F276D5CB-B413-4476-98AC-758782CDC2F6}
		{D4676B0D-7885-4C56-B1BE-C51BBDDC0E5E} = {0A065AED-E6F6-4EA5-8387-274852240E86}
		{A807227E-9361-4BC7-9676-614DA05501D2} = {8B349CDE-1BAC-4868-8E9B-1E9D8EADE03D}
		{7225C1B9-8CFC-42ED-92DD-7191DA862F09} = {8B349CDE-1BAC-4868-8E9B-1E9D8EADE03D}
		{74453574-400E-4840-80E9-D678D8A8F45A} = {A807227E-9361-4BC7-9676-614DA05501D2}
		{DA2D1B65-DCB4-4825-A09A-06988CF698DB} = {A807227E-9361-4BC7-9676-614DA05501D2}
		{6FB9E05A-5B87-4F55-BBFB-F490D6823627} = {A807227E-9361-4BC7-9676-614DA05501D2}
	EndGlobalSection
EndGlobal
