
Microsoft Visual Studio Solution File, Format Version 12.00
# Visual Studio 2013
VisualStudioVersion = 12.0.21005.1
MinimumVisualStudioVersion = 10.0.40219.1
Project("{2150E333-8FDC-42A3-9474-1A3956D46DE8}") = "Stone.Framework", "Stone.Framework", "{C36E46BF-1BE2-4F45-811C-F200FA2F2314}"
EndProject
Project("{FAE04EC0-301F-11D3-BF4B-00C04F79EFBC}") = "Stone.Framework.Common", "Stone.Framework.Common\Stone.Framework.Common.csproj", "{F363CC27-41FD-4FBB-A88E-B9B2D7906EDB}"
EndProject
Global
	GlobalSection(SolutionConfigurationPlatforms) = preSolution
		Debug|Any CPU = Debug|Any CPU
		Release|Any CPU = Release|Any CPU
	EndGlobalSection
	GlobalSection(ProjectConfigurationPlatforms) = postSolution
		{F363CC27-41FD-4FBB-A88E-B9B2D7906EDB}.Debug|Any CPU.ActiveCfg = Debug|Any CPU
		{F363CC27-41FD-4FBB-A88E-B9B2D7906EDB}.Debug|Any CPU.Build.0 = Debug|Any CPU
		{F363CC27-41FD-4FBB-A88E-B9B2D7906EDB}.Release|Any CPU.ActiveCfg = Release|Any CPU
		{F363CC27-41FD-4FBB-A88E-B9B2D7906EDB}.Release|Any CPU.Build.0 = Release|Any CPU
	EndGlobalSection
	GlobalSection(SolutionProperties) = preSolution
		HideSolutionNode = FALSE
	EndGlobalSection
	GlobalSection(NestedProjects) = preSolution
		{F363CC27-41FD-4FBB-A88E-B9B2D7906EDB} = {C36E46BF-1BE2-4F45-811C-F200FA2F2314}
	EndGlobalSection
EndGlobal
