
Microsoft Visual Studio Solution File, Format Version 12.00
# Visual Studio 2013
VisualStudioVersion = 12.0.21005.1
MinimumVisualStudioVersion = 10.0.40219.1
Project("{2150E333-8FDC-42A3-9474-1A3956D46DE8}") = "Stone.Framework", "Stone.Framework", "{C36E46BF-1BE2-4F45-811C-F200FA2F2314}"
EndProject
Project("{FAE04EC0-301F-11D3-BF4B-00C04F79EFBC}") = "Stone.Framework.Common", "Stone.Framework.Common\Stone.Framework.Common.csproj", "{F363CC27-41FD-4FBB-A88E-B9B2D7906EDB}"
EndProject
Project("{2150E333-8FDC-42A3-9474-1A3956D46DE8}") = "Stone.Website.Utility", "Stone.Website.Utility", "{F276D5CB-B413-4476-98AC-758782CDC2F6}"
EndProject
Project("{FAE04EC0-301F-11D3-BF4B-00C04F79EFBC}") = "Stone.Website.Utility.Logging", "Stone.Website.Utility\Stone.Website.Utility.Logging\Stone.Website.Utility.Logging.csproj", "{E8771F5E-2CF1-4D84-92C5-BB7C80A86841}"
EndProject
Project("{2150E333-8FDC-42A3-9474-1A3956D46DE8}") = "Stone.Common.Part", "Stone.Common.Part", "{0A065AED-E6F6-4EA5-8387-274852240E86}"
EndProject
Project("{FAE04EC0-301F-11D3-BF4B-00C04F79EFBC}") = "Stone.ConfigurationFiles", "Stone.Common.Part\Stone.ConfigurationFiles\Stone.ConfigurationFiles.csproj", "{D4676B0D-7885-4C56-B1BE-C51BBDDC0E5E}"
EndProject
Project("{2150E333-8FDC-42A3-9474-1A3956D46DE8}") = "UnitTest", "UnitTest", "{8B349CDE-1BAC-4868-8E9B-1E9D8EADE03D}"
EndProject
Project("{2150E333-8FDC-42A3-9474-1A3956D46DE8}") = "Configuration", "Configuration", "{A807227E-9361-4BC7-9676-614DA05501D2}"
EndProject
Project("{2150E333-8FDC-42A3-9474-1A3956D46DE8}") = "Data", "Data", "{74453574-400E-4840-80E9-D678D8A8F45A}"
EndProject
Project("{2150E333-8FDC-42A3-9474-1A3956D46DE8}") = "Logging", "Logging", "{DA2D1B65-DCB4-4825-A09A-06988CF698DB}"
EndProject
Project("{2150E333-8FDC-42A3-9474-1A3956D46DE8}") = "ServerConfig", "ServerConfig", "{6FB9E05A-5B87-4F55-BBFB-F490D6823627}"
EndProject
Project("{FAE04EC0-301F-11D3-BF4B-00C04F79EFBC}") = "Framework", "UnitTest\Framework\Framework.csproj", "{7225C1B9-8CFC-42ED-92DD-7191DA862F09}"
EndProject
Project("{2150E333-8FDC-42A3-9474-1A3956D46DE8}") = "ReferencedLib", "ReferencedLib", "{BBD54F78-B4E9-4DBF-8674-D6871B96A519}"
EndProject
Project("{2150E333-8FDC-42A3-9474-1A3956D46DE8}") = "EnterpriseLibrary5.0", "EnterpriseLibrary5.0", "{71B2A3B6-F0D4-44BC-B982-2BD68B5B7FAF}"
	ProjectSection(SolutionItems) = preProject
		ReferencedLib\EnterpriseLibrary5.0\EntLibConfig-32.exe.config = ReferencedLib\EnterpriseLibrary5.0\EntLibConfig-32.exe.config
		ReferencedLib\EnterpriseLibrary5.0\EntLibConfig-32.pdb = ReferencedLib\EnterpriseLibrary5.0\EntLibConfig-32.pdb
		ReferencedLib\EnterpriseLibrary5.0\EntLibConfig.exe.config = ReferencedLib\EnterpriseLibrary5.0\EntLibConfig.exe.config
		ReferencedLib\EnterpriseLibrary5.0\EntLibConfig.NET4-32.exe.config = ReferencedLib\EnterpriseLibrary5.0\EntLibConfig.NET4-32.exe.config
		ReferencedLib\EnterpriseLibrary5.0\EntLibConfig.NET4-32.pdb = ReferencedLib\EnterpriseLibrary5.0\EntLibConfig.NET4-32.pdb
		ReferencedLib\EnterpriseLibrary5.0\EntLibConfig.NET4.exe.config = ReferencedLib\EnterpriseLibrary5.0\EntLibConfig.NET4.exe.config
		ReferencedLib\EnterpriseLibrary5.0\EntLibConfig.NET4.pdb = ReferencedLib\EnterpriseLibrary5.0\EntLibConfig.NET4.pdb
		ReferencedLib\EnterpriseLibrary5.0\EntLibConfig.pdb = ReferencedLib\EnterpriseLibrary5.0\EntLibConfig.pdb
		ReferencedLib\EnterpriseLibrary5.0\Microsoft.Practices.EnterpriseLibrary.Caching.Cryptography.dll = ReferencedLib\EnterpriseLibrary5.0\Microsoft.Practices.EnterpriseLibrary.Caching.Cryptography.dll
		ReferencedLib\EnterpriseLibrary5.0\Microsoft.Practices.EnterpriseLibrary.Caching.Cryptography.pdb = ReferencedLib\EnterpriseLibrary5.0\Microsoft.Practices.EnterpriseLibrary.Caching.Cryptography.pdb
		ReferencedLib\EnterpriseLibrary5.0\Microsoft.Practices.EnterpriseLibrary.Caching.Cryptography.xml = ReferencedLib\EnterpriseLibrary5.0\Microsoft.Practices.EnterpriseLibrary.Caching.Cryptography.xml
		ReferencedLib\EnterpriseLibrary5.0\Microsoft.Practices.EnterpriseLibrary.Caching.Database.dll = ReferencedLib\EnterpriseLibrary5.0\Microsoft.Practices.EnterpriseLibrary.Caching.Database.dll
		ReferencedLib\EnterpriseLibrary5.0\Microsoft.Practices.EnterpriseLibrary.Caching.Database.pdb = ReferencedLib\EnterpriseLibrary5.0\Microsoft.Practices.EnterpriseLibrary.Caching.Database.pdb
		ReferencedLib\EnterpriseLibrary5.0\Microsoft.Practices.EnterpriseLibrary.Caching.Database.xml = ReferencedLib\EnterpriseLibrary5.0\Microsoft.Practices.EnterpriseLibrary.Caching.Database.xml
		ReferencedLib\EnterpriseLibrary5.0\Microsoft.Practices.EnterpriseLibrary.Caching.dll = ReferencedLib\EnterpriseLibrary5.0\Microsoft.Practices.EnterpriseLibrary.Caching.dll
		ReferencedLib\EnterpriseLibrary5.0\Microsoft.Practices.EnterpriseLibrary.Caching.pdb = ReferencedLib\EnterpriseLibrary5.0\Microsoft.Practices.EnterpriseLibrary.Caching.pdb
		ReferencedLib\EnterpriseLibrary5.0\Microsoft.Practices.EnterpriseLibrary.Caching.xml = ReferencedLib\EnterpriseLibrary5.0\Microsoft.Practices.EnterpriseLibrary.Caching.xml
		ReferencedLib\EnterpriseLibrary5.0\Microsoft.Practices.EnterpriseLibrary.Common.dll = ReferencedLib\EnterpriseLibrary5.0\Microsoft.Practices.EnterpriseLibrary.Common.dll
		ReferencedLib\EnterpriseLibrary5.0\Microsoft.Practices.EnterpriseLibrary.Common.pdb = ReferencedLib\EnterpriseLibrary5.0\Microsoft.Practices.EnterpriseLibrary.Common.pdb
		ReferencedLib\EnterpriseLibrary5.0\Microsoft.Practices.EnterpriseLibrary.Common.xml = ReferencedLib\EnterpriseLibrary5.0\Microsoft.Practices.EnterpriseLibrary.Common.xml
		ReferencedLib\EnterpriseLibrary5.0\Microsoft.Practices.EnterpriseLibrary.Configuration.Design.HostAdapter.dll = ReferencedLib\EnterpriseLibrary5.0\Microsoft.Practices.EnterpriseLibrary.Configuration.Design.HostAdapter.dll
		ReferencedLib\EnterpriseLibrary5.0\Microsoft.Practices.EnterpriseLibrary.Configuration.Design.HostAdapterV5.dll = ReferencedLib\EnterpriseLibrary5.0\Microsoft.Practices.EnterpriseLibrary.Configuration.Design.HostAdapterV5.dll
		ReferencedLib\EnterpriseLibrary5.0\Microsoft.Practices.EnterpriseLibrary.Configuration.DesignTime.dll = ReferencedLib\EnterpriseLibrary5.0\Microsoft.Practices.EnterpriseLibrary.Configuration.DesignTime.dll
		ReferencedLib\EnterpriseLibrary5.0\Microsoft.Practices.EnterpriseLibrary.Configuration.DesignTime.pdb = ReferencedLib\EnterpriseLibrary5.0\Microsoft.Practices.EnterpriseLibrary.Configuration.DesignTime.pdb
		ReferencedLib\EnterpriseLibrary5.0\Microsoft.Practices.EnterpriseLibrary.Configuration.DesignTime.xml = ReferencedLib\EnterpriseLibrary5.0\Microsoft.Practices.EnterpriseLibrary.Configuration.DesignTime.xml
		ReferencedLib\EnterpriseLibrary5.0\Microsoft.Practices.EnterpriseLibrary.Configuration.EnvironmentalOverrides.dll = ReferencedLib\EnterpriseLibrary5.0\Microsoft.Practices.EnterpriseLibrary.Configuration.EnvironmentalOverrides.dll
		ReferencedLib\EnterpriseLibrary5.0\Microsoft.Practices.EnterpriseLibrary.Configuration.EnvironmentalOverrides.pdb = ReferencedLib\EnterpriseLibrary5.0\Microsoft.Practices.EnterpriseLibrary.Configuration.EnvironmentalOverrides.pdb
		ReferencedLib\EnterpriseLibrary5.0\Microsoft.Practices.EnterpriseLibrary.Data.dll = ReferencedLib\EnterpriseLibrary5.0\Microsoft.Practices.EnterpriseLibrary.Data.dll
		ReferencedLib\EnterpriseLibrary5.0\Microsoft.Practices.EnterpriseLibrary.Data.pdb = ReferencedLib\EnterpriseLibrary5.0\Microsoft.Practices.EnterpriseLibrary.Data.pdb
		ReferencedLib\EnterpriseLibrary5.0\Microsoft.Practices.EnterpriseLibrary.Data.SqlCe.dll = ReferencedLib\EnterpriseLibrary5.0\Microsoft.Practices.EnterpriseLibrary.Data.SqlCe.dll
		ReferencedLib\EnterpriseLibrary5.0\Microsoft.Practices.EnterpriseLibrary.Data.SqlCe.pdb = ReferencedLib\EnterpriseLibrary5.0\Microsoft.Practices.EnterpriseLibrary.Data.SqlCe.pdb
		ReferencedLib\EnterpriseLibrary5.0\Microsoft.Practices.EnterpriseLibrary.Data.SqlCe.xml = ReferencedLib\EnterpriseLibrary5.0\Microsoft.Practices.EnterpriseLibrary.Data.SqlCe.xml
		ReferencedLib\EnterpriseLibrary5.0\Microsoft.Practices.EnterpriseLibrary.Data.xml = ReferencedLib\EnterpriseLibrary5.0\Microsoft.Practices.EnterpriseLibrary.Data.xml
		ReferencedLib\EnterpriseLibrary5.0\Microsoft.Practices.EnterpriseLibrary.ExceptionHandling.dll = ReferencedLib\EnterpriseLibrary5.0\Microsoft.Practices.EnterpriseLibrary.ExceptionHandling.dll
		ReferencedLib\EnterpriseLibrary5.0\Microsoft.Practices.EnterpriseLibrary.ExceptionHandling.Logging.dll = ReferencedLib\EnterpriseLibrary5.0\Microsoft.Practices.EnterpriseLibrary.ExceptionHandling.Logging.dll
		ReferencedLib\EnterpriseLibrary5.0\Microsoft.Practices.EnterpriseLibrary.ExceptionHandling.Logging.pdb = ReferencedLib\EnterpriseLibrary5.0\Microsoft.Practices.EnterpriseLibrary.ExceptionHandling.Logging.pdb
		ReferencedLib\EnterpriseLibrary5.0\Microsoft.Practices.EnterpriseLibrary.ExceptionHandling.Logging.xml = ReferencedLib\EnterpriseLibrary5.0\Microsoft.Practices.EnterpriseLibrary.ExceptionHandling.Logging.xml
		ReferencedLib\EnterpriseLibrary5.0\Microsoft.Practices.EnterpriseLibrary.ExceptionHandling.pdb = ReferencedLib\EnterpriseLibrary5.0\Microsoft.Practices.EnterpriseLibrary.ExceptionHandling.pdb
		ReferencedLib\EnterpriseLibrary5.0\Microsoft.Practices.EnterpriseLibrary.ExceptionHandling.WCF.dll = ReferencedLib\EnterpriseLibrary5.0\Microsoft.Practices.EnterpriseLibrary.ExceptionHandling.WCF.dll
		ReferencedLib\EnterpriseLibrary5.0\Microsoft.Practices.EnterpriseLibrary.ExceptionHandling.WCF.pdb = ReferencedLib\EnterpriseLibrary5.0\Microsoft.Practices.EnterpriseLibrary.ExceptionHandling.WCF.pdb
		ReferencedLib\EnterpriseLibrary5.0\Microsoft.Practices.EnterpriseLibrary.ExceptionHandling.WCF.xml = ReferencedLib\EnterpriseLibrary5.0\Microsoft.Practices.EnterpriseLibrary.ExceptionHandling.WCF.xml
		ReferencedLib\EnterpriseLibrary5.0\Microsoft.Practices.EnterpriseLibrary.ExceptionHandling.xml = ReferencedLib\EnterpriseLibrary5.0\Microsoft.Practices.EnterpriseLibrary.ExceptionHandling.xml
		ReferencedLib\EnterpriseLibrary5.0\Microsoft.Practices.EnterpriseLibrary.Logging.Database.dll = ReferencedLib\EnterpriseLibrary5.0\Microsoft.Practices.EnterpriseLibrary.Logging.Database.dll
		ReferencedLib\EnterpriseLibrary5.0\Microsoft.Practices.EnterpriseLibrary.Logging.Database.pdb = ReferencedLib\EnterpriseLibrary5.0\Microsoft.Practices.EnterpriseLibrary.Logging.Database.pdb
		ReferencedLib\EnterpriseLibrary5.0\Microsoft.Practices.EnterpriseLibrary.Logging.Database.xml = ReferencedLib\EnterpriseLibrary5.0\Microsoft.Practices.EnterpriseLibrary.Logging.Database.xml
		ReferencedLib\EnterpriseLibrary5.0\Microsoft.Practices.EnterpriseLibrary.Logging.dll = ReferencedLib\EnterpriseLibrary5.0\Microsoft.Practices.EnterpriseLibrary.Logging.dll
		ReferencedLib\EnterpriseLibrary5.0\Microsoft.Practices.EnterpriseLibrary.Logging.pdb = ReferencedLib\EnterpriseLibrary5.0\Microsoft.Practices.EnterpriseLibrary.Logging.pdb
		ReferencedLib\EnterpriseLibrary5.0\Microsoft.Practices.EnterpriseLibrary.Logging.xml = ReferencedLib\EnterpriseLibrary5.0\Microsoft.Practices.EnterpriseLibrary.Logging.xml
		ReferencedLib\EnterpriseLibrary5.0\Microsoft.Practices.EnterpriseLibrary.PolicyInjection.dll = ReferencedLib\EnterpriseLibrary5.0\Microsoft.Practices.EnterpriseLibrary.PolicyInjection.dll
		ReferencedLib\EnterpriseLibrary5.0\Microsoft.Practices.EnterpriseLibrary.PolicyInjection.pdb = ReferencedLib\EnterpriseLibrary5.0\Microsoft.Practices.EnterpriseLibrary.PolicyInjection.pdb
		ReferencedLib\EnterpriseLibrary5.0\Microsoft.Practices.EnterpriseLibrary.PolicyInjection.xml = ReferencedLib\EnterpriseLibrary5.0\Microsoft.Practices.EnterpriseLibrary.PolicyInjection.xml
		ReferencedLib\EnterpriseLibrary5.0\Microsoft.Practices.EnterpriseLibrary.Security.AzMan.dll = ReferencedLib\EnterpriseLibrary5.0\Microsoft.Practices.EnterpriseLibrary.Security.AzMan.dll
		ReferencedLib\EnterpriseLibrary5.0\Microsoft.Practices.EnterpriseLibrary.Security.AzMan.pdb = ReferencedLib\EnterpriseLibrary5.0\Microsoft.Practices.EnterpriseLibrary.Security.AzMan.pdb
		ReferencedLib\EnterpriseLibrary5.0\Microsoft.Practices.EnterpriseLibrary.Security.AzMan.xml = ReferencedLib\EnterpriseLibrary5.0\Microsoft.Practices.EnterpriseLibrary.Security.AzMan.xml
		ReferencedLib\EnterpriseLibrary5.0\Microsoft.Practices.EnterpriseLibrary.Security.Cache.CachingStore.dll = ReferencedLib\EnterpriseLibrary5.0\Microsoft.Practices.EnterpriseLibrary.Security.Cache.CachingStore.dll
		ReferencedLib\EnterpriseLibrary5.0\Microsoft.Practices.EnterpriseLibrary.Security.Cache.CachingStore.pdb = ReferencedLib\EnterpriseLibrary5.0\Microsoft.Practices.EnterpriseLibrary.Security.Cache.CachingStore.pdb
		ReferencedLib\EnterpriseLibrary5.0\Microsoft.Practices.EnterpriseLibrary.Security.Cache.CachingStore.xml = ReferencedLib\EnterpriseLibrary5.0\Microsoft.Practices.EnterpriseLibrary.Security.Cache.CachingStore.xml
		ReferencedLib\EnterpriseLibrary5.0\Microsoft.Practices.EnterpriseLibrary.Security.Cryptography.dll = ReferencedLib\EnterpriseLibrary5.0\Microsoft.Practices.EnterpriseLibrary.Security.Cryptography.dll
		ReferencedLib\EnterpriseLibrary5.0\Microsoft.Practices.EnterpriseLibrary.Security.Cryptography.pdb = ReferencedLib\EnterpriseLibrary5.0\Microsoft.Practices.EnterpriseLibrary.Security.Cryptography.pdb
		ReferencedLib\EnterpriseLibrary5.0\Microsoft.Practices.EnterpriseLibrary.Security.Cryptography.xml = ReferencedLib\EnterpriseLibrary5.0\Microsoft.Practices.EnterpriseLibrary.Security.Cryptography.xml
		ReferencedLib\EnterpriseLibrary5.0\Microsoft.Practices.EnterpriseLibrary.Security.dll = ReferencedLib\EnterpriseLibrary5.0\Microsoft.Practices.EnterpriseLibrary.Security.dll
		ReferencedLib\EnterpriseLibrary5.0\Microsoft.Practices.EnterpriseLibrary.Security.pdb = ReferencedLib\EnterpriseLibrary5.0\Microsoft.Practices.EnterpriseLibrary.Security.pdb
		ReferencedLib\EnterpriseLibrary5.0\Microsoft.Practices.EnterpriseLibrary.Security.xml = ReferencedLib\EnterpriseLibrary5.0\Microsoft.Practices.EnterpriseLibrary.Security.xml
		ReferencedLib\EnterpriseLibrary5.0\Microsoft.Practices.EnterpriseLibrary.Validation.dll = ReferencedLib\EnterpriseLibrary5.0\Microsoft.Practices.EnterpriseLibrary.Validation.dll
		ReferencedLib\EnterpriseLibrary5.0\Microsoft.Practices.EnterpriseLibrary.Validation.Integration.AspNet.dll = ReferencedLib\EnterpriseLibrary5.0\Microsoft.Practices.EnterpriseLibrary.Validation.Integration.AspNet.dll
		ReferencedLib\EnterpriseLibrary5.0\Microsoft.Practices.EnterpriseLibrary.Validation.Integration.AspNet.pdb = ReferencedLib\EnterpriseLibrary5.0\Microsoft.Practices.EnterpriseLibrary.Validation.Integration.AspNet.pdb
		ReferencedLib\EnterpriseLibrary5.0\Microsoft.Practices.EnterpriseLibrary.Validation.Integration.AspNet.xml = ReferencedLib\EnterpriseLibrary5.0\Microsoft.Practices.EnterpriseLibrary.Validation.Integration.AspNet.xml
		ReferencedLib\EnterpriseLibrary5.0\Microsoft.Practices.EnterpriseLibrary.Validation.Integration.WCF.dll = ReferencedLib\EnterpriseLibrary5.0\Microsoft.Practices.EnterpriseLibrary.Validation.Integration.WCF.dll
		ReferencedLib\EnterpriseLibrary5.0\Microsoft.Practices.EnterpriseLibrary.Validation.Integration.WCF.pdb = ReferencedLib\EnterpriseLibrary5.0\Microsoft.Practices.EnterpriseLibrary.Validation.Integration.WCF.pdb
		ReferencedLib\EnterpriseLibrary5.0\Microsoft.Practices.EnterpriseLibrary.Validation.Integration.WCF.xml = ReferencedLib\EnterpriseLibrary5.0\Microsoft.Practices.EnterpriseLibrary.Validation.Integration.WCF.xml
		ReferencedLib\EnterpriseLibrary5.0\Microsoft.Practices.EnterpriseLibrary.Validation.Integration.WinForms.dll = ReferencedLib\EnterpriseLibrary5.0\Microsoft.Practices.EnterpriseLibrary.Validation.Integration.WinForms.dll
		ReferencedLib\EnterpriseLibrary5.0\Microsoft.Practices.EnterpriseLibrary.Validation.Integration.WinForms.pdb = ReferencedLib\EnterpriseLibrary5.0\Microsoft.Practices.EnterpriseLibrary.Validation.Integration.WinForms.pdb
		ReferencedLib\EnterpriseLibrary5.0\Microsoft.Practices.EnterpriseLibrary.Validation.Integration.WinForms.xml = ReferencedLib\EnterpriseLibrary5.0\Microsoft.Practices.EnterpriseLibrary.Validation.Integration.WinForms.xml
		ReferencedLib\EnterpriseLibrary5.0\Microsoft.Practices.EnterpriseLibrary.Validation.Integration.WPF.dll = ReferencedLib\EnterpriseLibrary5.0\Microsoft.Practices.EnterpriseLibrary.Validation.Integration.WPF.dll
		ReferencedLib\EnterpriseLibrary5.0\Microsoft.Practices.EnterpriseLibrary.Validation.Integration.WPF.pdb = ReferencedLib\EnterpriseLibrary5.0\Microsoft.Practices.EnterpriseLibrary.Validation.Integration.WPF.pdb
		ReferencedLib\EnterpriseLibrary5.0\Microsoft.Practices.EnterpriseLibrary.Validation.Integration.WPF.xml = ReferencedLib\EnterpriseLibrary5.0\Microsoft.Practices.EnterpriseLibrary.Validation.Integration.WPF.xml
		ReferencedLib\EnterpriseLibrary5.0\Microsoft.Practices.EnterpriseLibrary.Validation.pdb = ReferencedLib\EnterpriseLibrary5.0\Microsoft.Practices.EnterpriseLibrary.Validation.pdb
		ReferencedLib\EnterpriseLibrary5.0\Microsoft.Practices.EnterpriseLibrary.Validation.xml = ReferencedLib\EnterpriseLibrary5.0\Microsoft.Practices.EnterpriseLibrary.Validation.xml
		ReferencedLib\EnterpriseLibrary5.0\Microsoft.Practices.ServiceLocation.dll = ReferencedLib\EnterpriseLibrary5.0\Microsoft.Practices.ServiceLocation.dll
		ReferencedLib\EnterpriseLibrary5.0\Microsoft.Practices.ServiceLocation.pdb = ReferencedLib\EnterpriseLibrary5.0\Microsoft.Practices.ServiceLocation.pdb
		ReferencedLib\EnterpriseLibrary5.0\Microsoft.Practices.Unity.Configuration.dll = ReferencedLib\EnterpriseLibrary5.0\Microsoft.Practices.Unity.Configuration.dll
		ReferencedLib\EnterpriseLibrary5.0\Microsoft.Practices.Unity.Configuration.pdb = ReferencedLib\EnterpriseLibrary5.0\Microsoft.Practices.Unity.Configuration.pdb
		ReferencedLib\EnterpriseLibrary5.0\Microsoft.Practices.Unity.dll = ReferencedLib\EnterpriseLibrary5.0\Microsoft.Practices.Unity.dll
		ReferencedLib\EnterpriseLibrary5.0\Microsoft.Practices.Unity.Interception.Configuration.dll = ReferencedLib\EnterpriseLibrary5.0\Microsoft.Practices.Unity.Interception.Configuration.dll
		ReferencedLib\EnterpriseLibrary5.0\Microsoft.Practices.Unity.Interception.Configuration.pdb = ReferencedLib\EnterpriseLibrary5.0\Microsoft.Practices.Unity.Interception.Configuration.pdb
		ReferencedLib\EnterpriseLibrary5.0\Microsoft.Practices.Unity.Interception.dll = ReferencedLib\EnterpriseLibrary5.0\Microsoft.Practices.Unity.Interception.dll
		ReferencedLib\EnterpriseLibrary5.0\Microsoft.Practices.Unity.Interception.pdb = ReferencedLib\EnterpriseLibrary5.0\Microsoft.Practices.Unity.Interception.pdb
		ReferencedLib\EnterpriseLibrary5.0\Microsoft.Practices.Unity.pdb = ReferencedLib\EnterpriseLibrary5.0\Microsoft.Practices.Unity.pdb
		ReferencedLib\EnterpriseLibrary5.0\MsmqDistributor.exe.config = ReferencedLib\EnterpriseLibrary5.0\MsmqDistributor.exe.config
		ReferencedLib\EnterpriseLibrary5.0\MsmqDistributor.pdb = ReferencedLib\EnterpriseLibrary5.0\MsmqDistributor.pdb
		ReferencedLib\EnterpriseLibrary5.0\MsmqDistributor.xml = ReferencedLib\EnterpriseLibrary5.0\MsmqDistributor.xml
	EndProjectSection
EndProject
Project("{FAE04EC0-301F-11D3-BF4B-00C04F79EFBC}") = "Stone.Website.Utility.LogTraceListener", "Stone.Website.Utility\Stone.Website.Utility.LogTraceListener\Stone.Website.Utility.LogTraceListener.csproj", "{DDAD60D1-1DA6-4D43-A575-A69744C0D5CD}"
EndProject
Project("{2150E333-8FDC-42A3-9474-1A3956D46DE8}") = "Stone.Ibatis4Net", "Stone.Ibatis4Net", "{34E485A2-A761-4790-9C77-370BF0410D8B}"
EndProject
Project("{FAE04EC0-301F-11D3-BF4B-00C04F79EFBC}") = "Stone.Ibatis4Net.Core", "Stone.Ibatis4Net\Stone.Ibatis4Net.Core\Stone.Ibatis4Net.Core.csproj", "{E41BAE9B-970A-473A-8D81-7EEF10720748}"
EndProject
Project("{2150E333-8FDC-42A3-9474-1A3956D46DE8}") = "IBatisNet", "IBatisNet", "{471EB962-CB09-42A0-BCDD-F4533CE74486}"
	ProjectSection(SolutionItems) = preProject
		ReferencedLib\IbatisNet\Castle.DynamicProxy.dll = ReferencedLib\IbatisNet\Castle.DynamicProxy.dll
		ReferencedLib\IbatisNet\IBatisNet.Common.dll = ReferencedLib\IbatisNet\IBatisNet.Common.dll
		ReferencedLib\IbatisNet\IBatisNet.Common.Logging.Log4Net.dll = ReferencedLib\IbatisNet\IBatisNet.Common.Logging.Log4Net.dll
		ReferencedLib\IbatisNet\IBatisNet.DataMapper.dll = ReferencedLib\IbatisNet\IBatisNet.DataMapper.dll
		ReferencedLib\IbatisNet\log4net.dll = ReferencedLib\IbatisNet\log4net.dll
	EndProjectSection
EndProject
Global
	GlobalSection(SolutionConfigurationPlatforms) = preSolution
		Debug|Any CPU = Debug|Any CPU
		Release|Any CPU = Release|Any CPU
	EndGlobalSection
	GlobalSection(ProjectConfigurationPlatforms) = postSolution
		{F363CC27-41FD-4FBB-A88E-B9B2D7906EDB}.Debug|Any CPU.ActiveCfg = Debug|Any CPU
		{F363CC27-41FD-4FBB-A88E-B9B2D7906EDB}.Debug|Any CPU.Build.0 = Debug|Any CPU
		{F363CC27-41FD-4FBB-A88E-B9B2D7906EDB}.Release|Any CPU.ActiveCfg = Release|Any CPU
		{F363CC27-41FD-4FBB-A88E-B9B2D7906EDB}.Release|Any CPU.Build.0 = Release|Any CPU
		{E8771F5E-2CF1-4D84-92C5-BB7C80A86841}.Debug|Any CPU.ActiveCfg = Debug|Any CPU
		{E8771F5E-2CF1-4D84-92C5-BB7C80A86841}.Debug|Any CPU.Build.0 = Debug|Any CPU
		{E8771F5E-2CF1-4D84-92C5-BB7C80A86841}.Release|Any CPU.ActiveCfg = Release|Any CPU
		{E8771F5E-2CF1-4D84-92C5-BB7C80A86841}.Release|Any CPU.Build.0 = Release|Any CPU
		{D4676B0D-7885-4C56-B1BE-C51BBDDC0E5E}.Debug|Any CPU.ActiveCfg = Debug|Any CPU
		{D4676B0D-7885-4C56-B1BE-C51BBDDC0E5E}.Debug|Any CPU.Build.0 = Debug|Any CPU
		{D4676B0D-7885-4C56-B1BE-C51BBDDC0E5E}.Release|Any CPU.ActiveCfg = Release|Any CPU
		{D4676B0D-7885-4C56-B1BE-C51BBDDC0E5E}.Release|Any CPU.Build.0 = Release|Any CPU
		{7225C1B9-8CFC-42ED-92DD-7191DA862F09}.Debug|Any CPU.ActiveCfg = Debug|Any CPU
		{7225C1B9-8CFC-42ED-92DD-7191DA862F09}.Debug|Any CPU.Build.0 = Debug|Any CPU
		{7225C1B9-8CFC-42ED-92DD-7191DA862F09}.Release|Any CPU.ActiveCfg = Release|Any CPU
		{7225C1B9-8CFC-42ED-92DD-7191DA862F09}.Release|Any CPU.Build.0 = Release|Any CPU
		{DDAD60D1-1DA6-4D43-A575-A69744C0D5CD}.Debug|Any CPU.ActiveCfg = Debug|Any CPU
		{DDAD60D1-1DA6-4D43-A575-A69744C0D5CD}.Debug|Any CPU.Build.0 = Debug|Any CPU
		{DDAD60D1-1DA6-4D43-A575-A69744C0D5CD}.Release|Any CPU.ActiveCfg = Release|Any CPU
		{DDAD60D1-1DA6-4D43-A575-A69744C0D5CD}.Release|Any CPU.Build.0 = Release|Any CPU
		{E41BAE9B-970A-473A-8D81-7EEF10720748}.Debug|Any CPU.ActiveCfg = Debug|Any CPU
		{E41BAE9B-970A-473A-8D81-7EEF10720748}.Debug|Any CPU.Build.0 = Debug|Any CPU
		{E41BAE9B-970A-473A-8D81-7EEF10720748}.Release|Any CPU.ActiveCfg = Release|Any CPU
		{E41BAE9B-970A-473A-8D81-7EEF10720748}.Release|Any CPU.Build.0 = Release|Any CPU
	EndGlobalSection
	GlobalSection(SolutionProperties) = preSolution
		HideSolutionNode = FALSE
	EndGlobalSection
	GlobalSection(NestedProjects) = preSolution
		{F363CC27-41FD-4FBB-A88E-B9B2D7906EDB} = {C36E46BF-1BE2-4F45-811C-F200FA2F2314}
		{E8771F5E-2CF1-4D84-92C5-BB7C80A86841} = {F276D5CB-B413-4476-98AC-758782CDC2F6}
		{DDAD60D1-1DA6-4D43-A575-A69744C0D5CD} = {F276D5CB-B413-4476-98AC-758782CDC2F6}
		{D4676B0D-7885-4C56-B1BE-C51BBDDC0E5E} = {0A065AED-E6F6-4EA5-8387-274852240E86}
		{A807227E-9361-4BC7-9676-614DA05501D2} = {8B349CDE-1BAC-4868-8E9B-1E9D8EADE03D}
		{7225C1B9-8CFC-42ED-92DD-7191DA862F09} = {8B349CDE-1BAC-4868-8E9B-1E9D8EADE03D}
		{74453574-400E-4840-80E9-D678D8A8F45A} = {A807227E-9361-4BC7-9676-614DA05501D2}
		{DA2D1B65-DCB4-4825-A09A-06988CF698DB} = {A807227E-9361-4BC7-9676-614DA05501D2}
		{6FB9E05A-5B87-4F55-BBFB-F490D6823627} = {A807227E-9361-4BC7-9676-614DA05501D2}
		{71B2A3B6-F0D4-44BC-B982-2BD68B5B7FAF} = {BBD54F78-B4E9-4DBF-8674-D6871B96A519}
		{471EB962-CB09-42A0-BCDD-F4533CE74486} = {BBD54F78-B4E9-4DBF-8674-D6871B96A519}
		{E41BAE9B-970A-473A-8D81-7EEF10720748} = {34E485A2-A761-4790-9C77-370BF0410D8B}
	EndGlobalSection
EndGlobal
